
Microsoft Visual Studio Solution File, Format Version 12.00
# Visual Studio Version 17
VisualStudioVersion = 17.4.33110.190
MinimumVisualStudioVersion = 10.0.40219.1
Project("{9A19103F-16F7-4668-BE54-9A1E7A4F7556}") = "ExpressionCalculator", "ExpressionCalculator\ExpressionCalculator.csproj", "{683AF9D6-AD71-471B-B663-61A3248B3DFC}"
EndProject
Project("{9A19103F-16F7-4668-BE54-9A1E7A4F7556}") = "ExpressionCalculator.Lib", "ExpressionCalculator.Lib\ExpressionCalculator.Lib.csproj", "{EE8AA33D-7A34-463A-B1E0-842E9E41127E}"
EndProject
Project("{FAE04EC0-301F-11D3-BF4B-00C04F79EFBC}") = "ExpressionCalculator.Test", "ExpressionCalculator.Test\ExpressionCalculator.Test.csproj", "{D78632F4-F74F-4EB6-9245-9C543723C530}"
EndProject
Global
	GlobalSection(SolutionConfigurationPlatforms) = preSolution
		Debug|Any CPU = Debug|Any CPU
		Release|Any CPU = Release|Any CPU
	EndGlobalSection
	GlobalSection(ProjectConfigurationPlatforms) = postSolution
		{683AF9D6-AD71-471B-B663-61A3248B3DFC}.Debug|Any CPU.ActiveCfg = Debug|Any CPU
		{683AF9D6-AD71-471B-B663-61A3248B3DFC}.Debug|Any CPU.Build.0 = Debug|Any CPU
		{683AF9D6-AD71-471B-B663-61A3248B3DFC}.Release|Any CPU.ActiveCfg = Release|Any CPU
		{683AF9D6-AD71-471B-B663-61A3248B3DFC}.Release|Any CPU.Build.0 = Release|Any CPU
		{EE8AA33D-7A34-463A-B1E0-842E9E41127E}.Debug|Any CPU.ActiveCfg = Debug|Any CPU
		{EE8AA33D-7A34-463A-B1E0-842E9E41127E}.Debug|Any CPU.Build.0 = Debug|Any CPU
		{EE8AA33D-7A34-463A-B1E0-842E9E41127E}.Release|Any CPU.ActiveCfg = Release|Any CPU
		{EE8AA33D-7A34-463A-B1E0-842E9E41127E}.Release|Any CPU.Build.0 = Release|Any CPU
		{D78632F4-F74F-4EB6-9245-9C543723C530}.Debug|Any CPU.ActiveCfg = Debug|Any CPU
		{D78632F4-F74F-4EB6-9245-9C543723C530}.Debug|Any CPU.Build.0 = Debug|Any CPU
		{D78632F4-F74F-4EB6-9245-9C543723C530}.Release|Any CPU.ActiveCfg = Release|Any CPU
		{D78632F4-F74F-4EB6-9245-9C543723C530}.Release|Any CPU.Build.0 = Release|Any CPU
	EndGlobalSection
	GlobalSection(SolutionProperties) = preSolution
		HideSolutionNode = FALSE
	EndGlobalSection
	GlobalSection(ExtensibilityGlobals) = postSolution
		SolutionGuid = {6BF30419-CE2C-4237-AB68-DA36983AA573}
	EndGlobalSection
EndGlobal
